// !$*UTF8*$!
{
	archiveVersion = 1;
	classes = {
	};
	objectVersion = 50;
	objects = {

/* Begin PBXBuildFile section */
		9727493E212AA5C30038C569 /* AppDelegate.swift in Sources */ = {isa = PBXBuildFile; fileRef = 9727493D212AA5C30038C569 /* AppDelegate.swift */; };
		97274940212AA5C30038C569 /* ViewController.swift in Sources */ = {isa = PBXBuildFile; fileRef = 9727493F212AA5C30038C569 /* ViewController.swift */; };
		97274943212AA5C30038C569 /* Main.storyboard in Resources */ = {isa = PBXBuildFile; fileRef = 97274941212AA5C30038C569 /* Main.storyboard */; };
		97274945212AA5C60038C569 /* Assets.xcassets in Resources */ = {isa = PBXBuildFile; fileRef = 97274944212AA5C60038C569 /* Assets.xcassets */; };
		97274948212AA5C60038C569 /* LaunchScreen.storyboard in Resources */ = {isa = PBXBuildFile; fileRef = 97274946212AA5C60038C569 /* LaunchScreen.storyboard */; };
		97274950212AB4B60038C569 /* AViewController.swift in Sources */ = {isa = PBXBuildFile; fileRef = 9727494F212AB4B60038C569 /* AViewController.swift */; };
/* End PBXBuildFile section */

/* Begin PBXFileReference section */
		9727493A212AA5C30038C569 /* TestDemo_ChihYen.app */ = {isa = PBXFileReference; explicitFileType = wrapper.application; includeInIndex = 0; path = TestDemo_ChihYen.app; sourceTree = BUILT_PRODUCTS_DIR; };
		9727493D212AA5C30038C569 /* AppDelegate.swift */ = {isa = PBXFileReference; lastKnownFileType = sourcecode.swift; path = AppDelegate.swift; sourceTree = "<group>"; };
		9727493F212AA5C30038C569 /* ViewController.swift */ = {isa = PBXFileReference; lastKnownFileType = sourcecode.swift; path = ViewController.swift; sourceTree = "<group>"; };
		97274942212AA5C30038C569 /* Base */ = {isa = PBXFileReference; lastKnownFileType = file.storyboard; name = Base; path = Base.lproj/Main.storyboard; sourceTree = "<group>"; };
		97274944212AA5C60038C569 /* Assets.xcassets */ = {isa = PBXFileReference; lastKnownFileType = folder.assetcatalog; path = Assets.xcassets; sourceTree = "<group>"; };
		97274947212AA5C60038C569 /* Base */ = {isa = PBXFileReference; lastKnownFileType = file.storyboard; name = Base; path = Base.lproj/LaunchScreen.storyboard; sourceTree = "<group>"; };
		97274949212AA5C60038C569 /* Info.plist */ = {isa = PBXFileReference; lastKnownFileType = text.plist.xml; path = Info.plist; sourceTree = "<group>"; };
		9727494F212AB4B60038C569 /* AViewController.swift */ = {isa = PBXFileReference; lastKnownFileType = sourcecode.swift; path = AViewController.swift; sourceTree = "<group>"; };
/* End PBXFileReference section */

/* Begin PBXFrameworksBuildPhase section */
		97274937212AA5C30038C569 /* Frameworks */ = {
			isa = PBXFrameworksBuildPhase;
			buildActionMask = 2147483647;
			files = (
			);
			runOnlyForDeploymentPostprocessing = 0;
		};
/* End PBXFrameworksBuildPhase section */

/* Begin PBXGroup section */
		97274931212AA5C30038C569 = {
			isa = PBXGroup;
			children = (
				9727493C212AA5C30038C569 /* TestDemo_ChihYen */,
				9727493B212AA5C30038C569 /* Products */,
			);
			sourceTree = "<group>";
		};
		9727493B212AA5C30038C569 /* Products */ = {
			isa = PBXGroup;
			children = (
				9727493A212AA5C30038C569 /* TestDemo_ChihYen.app */,
			);
			name = Products;
			sourceTree = "<group>";
		};
		9727493C212AA5C30038C569 /* TestDemo_ChihYen */ = {
			isa = PBXGroup;
			children = (
				9727493D212AA5C30038C569 /* AppDelegate.swift */,
				9727493F212AA5C30038C569 /* ViewController.swift */,
				97274941212AA5C30038C569 /* Main.storyboard */,
				97274944212AA5C60038C569 /* Assets.xcassets */,
				9727494F212AB4B60038C569 /* AViewController.swift */,
				97274946212AA5C60038C569 /* LaunchScreen.storyboard */,
				97274949212AA5C60038C569 /* Info.plist */,
			);
			path = TestDemo_ChihYen;
			sourceTree = "<group>";
		};
/* End PBXGroup section */

/* Begin PBXNativeTarget section */
		97274939212AA5C30038C569 /* TestDemo_ChihYen */ = {
			isa = PBXNativeTarget;
			buildConfigurationList = 9727494C212AA5C60038C569 /* Build configuration list for PBXNativeTarget "TestDemo_ChihYen" */;
			buildPhases = (
				97274936212AA5C30038C569 /* Sources */,
				97274937212AA5C30038C569 /* Frameworks */,
				97274938212AA5C30038C569 /* Resources */,
			);
			buildRules = (
			);
			dependencies = (
			);
			name = TestDemo_ChihYen;
			productName = TestDemo_ChihYen;
			productReference = 9727493A212AA5C30038C569 /* TestDemo_ChihYen.app */;
			productType = "com.apple.product-type.application";
		};
/* End PBXNativeTarget section */

/* Begin PBXProject section */
		97274932212AA5C30038C569 /* Project object */ = {
			isa = PBXProject;
			attributes = {
				LastSwiftUpdateCheck = 0940;
				LastUpgradeCheck = 0940;
				ORGANIZATIONNAME = Cyen;
				TargetAttributes = {
					97274939212AA5C30038C569 = {
						CreatedOnToolsVersion = 9.4.1;
					};
				};
			};
			buildConfigurationList = 97274935212AA5C30038C569 /* Build configuration list for PBXProject "TestDemo_ChihYen" */;
			compatibilityVersion = "Xcode 9.3";
			developmentRegion = en;
			hasScannedForEncodings = 0;
			knownRegions = (
				en,
				Base,
			);
			mainGroup = 97274931212AA5C30038C569;
			productRefGroup = 9727493B212AA5C30038C569 /* Products */;
			projectDirPath = "";
			projectRoot = "";
			targets = (
				97274939212AA5C30038C569 /* TestDemo_ChihYen */,
			);
		};
/* End PBXProject section */

/* Begin PBXResourcesBuildPhase section */
		97274938212AA5C30038C569 /* Resources */ = {
			isa = PBXResourcesBuildPhase;
			buildActionMask = 2147483647;
			files = (
				97274948212AA5C60038C569 /* LaunchScreen.storyboard in Resources */,
				97274945212AA5C60038C569 /* Assets.xcassets in Resources */,
				97274943212AA5C30038C569 /* Main.storyboard in Resources */,
			);
			runOnlyForDeploymentPostprocessing = 0;
		};
/* End PBXResourcesBuildPhase section */

/* Begin PBXSourcesBuildPhase section */
		97274936212AA5C30038C569 /* Sources */ = {
			isa = PBXSourcesBuildPhase;
			buildActionMask = 2147483647;
			files = (
				97274940212AA5C30038C569 /* ViewController.swift in Sources */,
				97274950212AB4B60038C569 /* AViewController.swift in Sources */,
				9727493E212AA5C30038C569 /* AppDelegate.swift in Sources */,
			);
			runOnlyForDeploymentPostprocessing = 0;
		};
/* End PBXSourcesBuildPhase section */

/* Begin PBXVariantGroup section */
		97274941212AA5C30038C569 /* Main.storyboard */ = {
			isa = PBXVariantGroup;
			children = (
				97274942212AA5C30038C569 /* Base */,
			);
			name = Main.storyboard;
			sourceTree = "<group>";
		};
		97274946212AA5C60038C569 /* LaunchScreen.storyboard */ = {
			isa = PBXVariantGroup;
			children = (
				97274947212AA5C60038C569 /* Base */,
			);
			name = LaunchScreen.storyboard;
			sourceTree = "<group>";
		};
/* End PBXVariantGroup section */

/* Begin XCBuildConfiguration section */
		9727494A212AA5C60038C569 /* Debug */ = {
			isa = XCBuildConfiguration;
			buildSettings = {
				ALWAYS_SEARCH_USER_PATHS = NO;
				CLANG_ANALYZER_NONNULL = YES;
				CLANG_ANALYZER_NUMBER_OBJECT_CONVERSION = YES_AGGRESSIVE;
				CLANG_CXX_LANGUAGE_STANDARD = "gnu++14";
				CLANG_CXX_LIBRARY = "libc++";
				CLANG_ENABLE_MODULES = YES;
				CLANG_ENABLE_OBJC_ARC = YES;
				CLANG_ENABLE_OBJC_WEAK = YES;
				CLANG_WARN_BLOCK_CAPTURE_AUTORELEASING = YES;
				CLANG_WARN_BOOL_CONVERSION = YES;
				CLANG_WARN_COMMA = YES;
				CLANG_WARN_CONSTANT_CONVERSION = YES;
				CLANG_WARN_DEPRECATED_OBJC_IMPLEMENTATIONS = YES;
				CLANG_WARN_DIRECT_OBJC_ISA_USAGE = YES_ERROR;
				CLANG_WARN_DOCUMENTATION_COMMENTS = YES;
				CLANG_WARN_EMPTY_BODY = YES;
				CLANG_WARN_ENUM_CONVERSION = YES;
				CLANG_WARN_INFINITE_RECURSION = YES;
				CLANG_WARN_INT_CONVERSION = YES;
				CLANG_WARN_NON_LITERAL_NULL_CONVERSION = YES;
				CLANG_WARN_OBJC_IMPLICIT_RETAIN_SELF = YES;
				CLANG_WARN_OBJC_LITERAL_CONVERSION = YES;
				CLANG_WARN_OBJC_ROOT_CLASS = YES_ERROR;
				CLANG_WARN_RANGE_LOOP_ANALYSIS = YES;
				CLANG_WARN_STRICT_PROTOTYPES = YES;
				CLANG_WARN_SUSPICIOUS_MOVE = YES;
				CLANG_WARN_UNGUARDED_AVAILABILITY = YES_AGGRESSIVE;
				CLANG_WARN_UNREACHABLE_CODE = YES;
				CLANG_WARN__DUPLICATE_METHOD_MATCH = YES;
				CODE_SIGN_IDENTITY = "iPhone Developer";
				COPY_PHASE_STRIP = NO;
				DEBUG_INFORMATION_FORMAT = dwarf;
				ENABLE_STRICT_OBJC_MSGSEND = YES;
				ENABLE_TESTABILITY = YES;
				GCC_C_LANGUAGE_STANDARD = gnu11;
				GCC_DYNAMIC_NO_PIC = NO;
				GCC_NO_COMMON_BLOCKS = YES;
				GCC_OPTIMIZATION_LEVEL = 0;
				GCC_PREPROCESSOR_DEFINITIONS = (
					"DEBUG=1",
					"$(inherited)",
				);
				GCC_WARN_64_TO_32_BIT_CONVERSION = YES;
				GCC_WARN_ABOUT_RETURN_TYPE = YES_ERROR;
				GCC_WARN_UNDECLARED_SELECTOR = YES;
				GCC_WARN_UNINITIALIZED_AUTOS = YES_AGGRESSIVE;
				GCC_WARN_UNUSED_FUNCTION = YES;
				GCC_WARN_UNUSED_VARIABLE = YES;
				IPHONEOS_DEPLOYMENT_TARGET = 11.4;
				MTL_ENABLE_DEBUG_INFO = YES;
				ONLY_ACTIVE_ARCH = YES;
				SDKROOT = iphoneos;
				SWIFT_ACTIVE_COMPILATION_CONDITIONS = DEBUG;
				SWIFT_OPTIMIZATION_LEVEL = "-Onone";
			};
			name = Debug;
		};
		9727494B212AA5C60038C569 /* Release */ = {
			isa = XCBuildConfiguration;
			buildSettings = {
				ALWAYS_SEARCH_USER_PATHS = NO;
				CLANG_ANALYZER_NONNULL = YES;
				CLANG_ANALYZER_NUMBER_OBJECT_CONVERSION = YES_AGGRESSIVE;
				CLANG_CXX_LANGUAGE_STANDARD = "gnu++14";
				CLANG_CXX_LIBRARY = "libc++";
				CLANG_ENABLE_MODULES = YES;
				CLANG_ENABLE_OBJC_ARC = YES;
				CLANG_ENABLE_OBJC_WEAK = YES;
				CLANG_WARN_BLOCK_CAPTURE_AUTORELEASING = YES;
				CLANG_WARN_BOOL_CONVERSION = YES;
				CLANG_WARN_COMMA = YES;
				CLANG_WARN_CONSTANT_CONVERSION = YES;
				CLANG_WARN_DEPRECATED_OBJC_IMPLEMENTATIONS = YES;
				CLANG_WARN_DIRECT_OBJC_ISA_USAGE = YES_ERROR;
				CLANG_WARN_DOCUMENTATION_COMMENTS = YES;
				CLANG_WARN_EMPTY_BODY = YES;
				CLANG_WARN_ENUM_CONVERSION = YES;
				CLANG_WARN_INFINITE_RECURSION = YES;
				CLANG_WARN_INT_CONVERSION = YES;
				CLANG_WARN_NON_LITERAL_NULL_CONVERSION = YES;
				CLANG_WARN_OBJC_IMPLICIT_RETAIN_SELF = YES;
				CLANG_WARN_OBJC_LITERAL_CONVERSION = YES;
				CLANG_WARN_OBJC_ROOT_CLASS = YES_ERROR;
				CLANG_WARN_RANGE_LOOP_ANALYSIS = YES;
				CLANG_WARN_STRICT_PROTOTYPES = YES;
				CLANG_WARN_SUSPICIOUS_MOVE = YES;
				CLANG_WARN_UNGUARDED_AVAILABILITY = YES_AGGRESSIVE;
				CLANG_WARN_UNREACHABLE_CODE = YES;
				CLANG_WARN__DUPLICATE_METHOD_MATCH = YES;
				CODE_SIGN_IDENTITY = "iPhone Developer";
				COPY_PHASE_STRIP = NO;
				DEBUG_INFORMATION_FORMAT = "dwarf-with-dsym";
				ENABLE_NS_ASSERTIONS = NO;
				ENABLE_STRICT_OBJC_MSGSEND = YES;
				GCC_C_LANGUAGE_STANDARD = gnu11;
				GCC_NO_COMMON_BLOCKS = YES;
				GCC_WARN_64_TO_32_BIT_CONVERSION = YES;
				GCC_WARN_ABOUT_RETURN_TYPE = YES_ERROR;
				GCC_WARN_UNDECLARED_SELECTOR = YES;
				GCC_WARN_UNINITIALIZED_AUTOS = YES_AGGRESSIVE;
				GCC_WARN_UNUSED_FUNCTION = YES;
				GCC_WARN_UNUSED_VARIABLE = YES;
				IPHONEOS_DEPLOYMENT_TARGET = 11.4;
				MTL_ENABLE_DEBUG_INFO = NO;
				SDKROOT = iphoneos;
				SWIFT_COMPILATION_MODE = wholemodule;
				SWIFT_OPTIMIZATION_LEVEL = "-O";
				VALIDATE_PRODUCT = YES;
			};
			name = Release;
		};
		9727494D212AA5C60038C569 /* Debug */ = {
			isa = XCBuildConfiguration;
			buildSettings = {
				ASSETCATALOG_COMPILER_APPICON_NAME = AppIcon;
				CODE_SIGN_STYLE = Automatic;
				DEVELOPMENT_TEAM = VB8HM5AT88;
				INFOPLIST_FILE = TestDemo_ChihYen/Info.plist;
				IPHONEOS_DEPLOYMENT_TARGET = 11.0;
				LD_RUNPATH_SEARCH_PATHS = (
					"$(inherited)",
					"@executable_path/Frameworks",
				);
				PRODUCT_BUNDLE_IDENTIFIER = "CYninaw.TestDemo-ChihYen";
				PRODUCT_NAME = "$(TARGET_NAME)";
				SWIFT_VERSION = 4.0;
				TARGETED_DEVICE_FAMILY = "1,2";
			};
			name = Debug;
		};
		9727494E212AA5C60038C569 /* Release */ = {
			isa = XCBuildConfiguration;
			buildSettings = {
				ASSETCATALOG_COMPILER_APPICON_NAME = AppIcon;
				CODE_SIGN_STYLE = Automatic;
				DEVELOPMENT_TEAM = VB8HM5AT88;
				INFOPLIST_FILE = TestDemo_ChihYen/Info.plist;
				IPHONEOS_DEPLOYMENT_TARGET = 11.0;
				LD_RUNPATH_SEARCH_PATHS = (
					"$(inherited)",
					"@executable_path/Frameworks",
				);
				PRODUCT_BUNDLE_IDENTIFIER = "CYninaw.TestDemo-ChihYen";
				PRODUCT_NAME = "$(TARGET_NAME)";
				SWIFT_VERSION = 4.0;
				TARGETED_DEVICE_FAMILY = "1,2";
			};
			name = Release;
		};
/* End XCBuildConfiguration section */

/* Begin XCConfigurationList section */
		97274935212AA5C30038C569 /* Build configuration list for PBXProject "TestDemo_ChihYen" */ = {
			isa = XCConfigurationList;
			buildConfigurations = (
				9727494A212AA5C60038C569 /* Debug */,
				9727494B212AA5C60038C569 /* Release */,
			);
			defaultConfigurationIsVisible = 0;
			defaultConfigurationName = Release;
		};
		9727494C212AA5C60038C569 /* Build configuration list for PBXNativeTarget "TestDemo_ChihYen" */ = {
			isa = XCConfigurationList;
			buildConfigurations = (
				9727494D212AA5C60038C569 /* Debug */,
				9727494E212AA5C60038C569 /* Release */,
			);
			defaultConfigurationIsVisible = 0;
			defaultConfigurationName = Release;
		};
/* End XCConfigurationList section */
	};
	rootObject = 97274932212AA5C30038C569 /* Project object */;
}
